
Microsoft Visual Studio Solution File, Format Version 12.00
# Visual Studio Version 17
VisualStudioVersion = 17.4.33103.184
MinimumVisualStudioVersion = 10.0.40219.1
Project("{9A19103F-16F7-4668-BE54-9A1E7A4F7556}") = "inlock_games_DBFirst_manha", "inlock_games_DBFirst_manha.csproj", "{9B5C4E51-D7E2-40A5-9A33-618B8DD6580B}"
EndProject
Global
	GlobalSection(SolutionConfigurationPlatforms) = preSolution
		Debug|Any CPU = Debug|Any CPU
		Release|Any CPU = Release|Any CPU
	EndGlobalSection
	GlobalSection(ProjectConfigurationPlatforms) = postSolution
		{9B5C4E51-D7E2-40A5-9A33-618B8DD6580B}.Debug|Any CPU.ActiveCfg = Debug|Any CPU
		{9B5C4E51-D7E2-40A5-9A33-618B8DD6580B}.Debug|Any CPU.Build.0 = Debug|Any CPU
		{9B5C4E51-D7E2-40A5-9A33-618B8DD6580B}.Release|Any CPU.ActiveCfg = Release|Any CPU
		{9B5C4E51-D7E2-40A5-9A33-618B8DD6580B}.Release|Any CPU.Build.0 = Release|Any CPU
	EndGlobalSection
	GlobalSection(SolutionProperties) = preSolution
		HideSolutionNode = FALSE
	EndGlobalSection
	GlobalSection(ExtensibilityGlobals) = postSolution
		SolutionGuid = {B1FA2478-900C-468C-AEFF-52D620E05019}
	EndGlobalSection
EndGlobal
